
Microsoft Visual Studio Solution File, Format Version 12.00
# Visual Studio Version 17
VisualStudioVersion = 17.6.33829.357
MinimumVisualStudioVersion = 10.0.40219.1
Project("{54A90642-561A-4BB1-A94E-469ADEE60C69}") = "angularapp", "angularapp\angularapp.esproj", "{433965DB-7F3E-47A7-839E-0E93D24F4C1B}"
EndProject
Project("{9A19103F-16F7-4668-BE54-9A1E7A4F7556}") = "webapi", "webapi\webapi.csproj", "{A1B9C34B-0C2B-4DDE-92D7-05E0E3918A3A}"
EndProject
Project("{FAE04EC0-301F-11D3-BF4B-00C04F79EFBC}") = "WebApiTest", "WebApiTest\WebApiTest.csproj", "{413D2820-6ADE-40A4-8934-E342870D8100}"
EndProject
Project("{FAE04EC0-301F-11D3-BF4B-00C04F79EFBC}") = "AzureBlobTrigger", "AzureBlobTrigger\AzureBlobTrigger.csproj", "{B5A59C4A-E8BE-46D2-BE91-549C5C8BA4B2}"
EndProject
Global
	GlobalSection(SolutionConfigurationPlatforms) = preSolution
		Debug|Any CPU = Debug|Any CPU
		Release|Any CPU = Release|Any CPU
	EndGlobalSection
	GlobalSection(ProjectConfigurationPlatforms) = postSolution
		{433965DB-7F3E-47A7-839E-0E93D24F4C1B}.Debug|Any CPU.ActiveCfg = Debug|Any CPU
		{433965DB-7F3E-47A7-839E-0E93D24F4C1B}.Debug|Any CPU.Build.0 = Debug|Any CPU
		{433965DB-7F3E-47A7-839E-0E93D24F4C1B}.Debug|Any CPU.Deploy.0 = Debug|Any CPU
		{433965DB-7F3E-47A7-839E-0E93D24F4C1B}.Release|Any CPU.ActiveCfg = Release|Any CPU
		{433965DB-7F3E-47A7-839E-0E93D24F4C1B}.Release|Any CPU.Build.0 = Release|Any CPU
		{433965DB-7F3E-47A7-839E-0E93D24F4C1B}.Release|Any CPU.Deploy.0 = Release|Any CPU
		{A1B9C34B-0C2B-4DDE-92D7-05E0E3918A3A}.Debug|Any CPU.ActiveCfg = Debug|Any CPU
		{A1B9C34B-0C2B-4DDE-92D7-05E0E3918A3A}.Debug|Any CPU.Build.0 = Debug|Any CPU
		{A1B9C34B-0C2B-4DDE-92D7-05E0E3918A3A}.Release|Any CPU.ActiveCfg = Release|Any CPU
		{A1B9C34B-0C2B-4DDE-92D7-05E0E3918A3A}.Release|Any CPU.Build.0 = Release|Any CPU
		{413D2820-6ADE-40A4-8934-E342870D8100}.Debug|Any CPU.ActiveCfg = Debug|Any CPU
		{413D2820-6ADE-40A4-8934-E342870D8100}.Debug|Any CPU.Build.0 = Debug|Any CPU
		{413D2820-6ADE-40A4-8934-E342870D8100}.Release|Any CPU.ActiveCfg = Release|Any CPU
		{413D2820-6ADE-40A4-8934-E342870D8100}.Release|Any CPU.Build.0 = Release|Any CPU
		{B5A59C4A-E8BE-46D2-BE91-549C5C8BA4B2}.Debug|Any CPU.ActiveCfg = Debug|Any CPU
		{B5A59C4A-E8BE-46D2-BE91-549C5C8BA4B2}.Debug|Any CPU.Build.0 = Debug|Any CPU
		{B5A59C4A-E8BE-46D2-BE91-549C5C8BA4B2}.Release|Any CPU.ActiveCfg = Release|Any CPU
		{B5A59C4A-E8BE-46D2-BE91-549C5C8BA4B2}.Release|Any CPU.Build.0 = Release|Any CPU
	EndGlobalSection
	GlobalSection(SolutionProperties) = preSolution
		HideSolutionNode = FALSE
	EndGlobalSection
	GlobalSection(ExtensibilityGlobals) = postSolution
		SolutionGuid = {05C31AB3-0E13-4EE2-9FA3-84BFB19833BD}
	EndGlobalSection
EndGlobal
